
Microsoft Visual Studio Solution File, Format Version 12.00
# Visual Studio Version 16
VisualStudioVersion = 25.0.1703.7
MinimumVisualStudioVersion = 10.0.40219.1
Project("{FAE04EC0-301F-11D3-BF4B-00C04F79EFBC}") = "TheReplicatorOfDTo", "TheReplicatorOfDTo\TheReplicatorOfDTo.csproj", "{B1C449A7-5B39-4CBE-9BF7-844D56FD01DF}"
EndProject
Global
	GlobalSection(SolutionConfigurationPlatforms) = preSolution
		Debug|Any CPU = Debug|Any CPU
		Release|Any CPU = Release|Any CPU
	EndGlobalSection
	GlobalSection(ProjectConfigurationPlatforms) = postSolution
		{B1C449A7-5B39-4CBE-9BF7-844D56FD01DF}.Debug|Any CPU.ActiveCfg = Debug|Any CPU
		{B1C449A7-5B39-4CBE-9BF7-844D56FD01DF}.Debug|Any CPU.Build.0 = Debug|Any CPU
		{B1C449A7-5B39-4CBE-9BF7-844D56FD01DF}.Release|Any CPU.ActiveCfg = Release|Any CPU
		{B1C449A7-5B39-4CBE-9BF7-844D56FD01DF}.Release|Any CPU.Build.0 = Release|Any CPU
	EndGlobalSection
	GlobalSection(SolutionProperties) = preSolution
		HideSolutionNode = FALSE
	EndGlobalSection
	GlobalSection(ExtensibilityGlobals) = postSolution
		SolutionGuid = {BC6E8566-7450-41F2-BF17-0E3FBD1ADA97}
	EndGlobalSection
EndGlobal
