
Microsoft Visual Studio Solution File, Format Version 12.00
# Visual Studio Version 16
VisualStudioVersion = 25.0.1703.7
MinimumVisualStudioVersion = 10.0.40219.1
Project("{FAE04EC0-301F-11D3-BF4B-00C04F79EFBC}") = "TheDefenseOfConsolas", "TheDefenseOfConsolas\TheDefenseOfConsolas.csproj", "{03D395B2-1ADD-407F-B65C-5ACD1B420FC8}"
EndProject
Global
	GlobalSection(SolutionConfigurationPlatforms) = preSolution
		Debug|Any CPU = Debug|Any CPU
		Release|Any CPU = Release|Any CPU
	EndGlobalSection
	GlobalSection(ProjectConfigurationPlatforms) = postSolution
		{03D395B2-1ADD-407F-B65C-5ACD1B420FC8}.Debug|Any CPU.ActiveCfg = Debug|Any CPU
		{03D395B2-1ADD-407F-B65C-5ACD1B420FC8}.Debug|Any CPU.Build.0 = Debug|Any CPU
		{03D395B2-1ADD-407F-B65C-5ACD1B420FC8}.Release|Any CPU.ActiveCfg = Release|Any CPU
		{03D395B2-1ADD-407F-B65C-5ACD1B420FC8}.Release|Any CPU.Build.0 = Release|Any CPU
	EndGlobalSection
	GlobalSection(SolutionProperties) = preSolution
		HideSolutionNode = FALSE
	EndGlobalSection
	GlobalSection(ExtensibilityGlobals) = postSolution
		SolutionGuid = {7E75E146-CD28-41F2-8337-97A841A4B48E}
	EndGlobalSection
EndGlobal
