
Microsoft Visual Studio Solution File, Format Version 12.00
# Visual Studio Version 16
VisualStudioVersion = 25.0.1703.7
MinimumVisualStudioVersion = 10.0.40219.1
Project("{FAE04EC0-301F-11D3-BF4B-00C04F79EFBC}") = "RepairingTheClocktower", "RepairingTheClocktower\RepairingTheClocktower.csproj", "{B73F6241-8A51-48FF-A6D9-48915AEA75ED}"
EndProject
Global
	GlobalSection(SolutionConfigurationPlatforms) = preSolution
		Debug|Any CPU = Debug|Any CPU
		Release|Any CPU = Release|Any CPU
	EndGlobalSection
	GlobalSection(ProjectConfigurationPlatforms) = postSolution
		{B73F6241-8A51-48FF-A6D9-48915AEA75ED}.Debug|Any CPU.ActiveCfg = Debug|Any CPU
		{B73F6241-8A51-48FF-A6D9-48915AEA75ED}.Debug|Any CPU.Build.0 = Debug|Any CPU
		{B73F6241-8A51-48FF-A6D9-48915AEA75ED}.Release|Any CPU.ActiveCfg = Release|Any CPU
		{B73F6241-8A51-48FF-A6D9-48915AEA75ED}.Release|Any CPU.Build.0 = Release|Any CPU
	EndGlobalSection
	GlobalSection(SolutionProperties) = preSolution
		HideSolutionNode = FALSE
	EndGlobalSection
	GlobalSection(ExtensibilityGlobals) = postSolution
		SolutionGuid = {64FB7B29-1C0F-47AA-9EE7-7AC2F1C4FBD0}
	EndGlobalSection
EndGlobal
