
Microsoft Visual Studio Solution File, Format Version 12.00
# Visual Studio Version 16
VisualStudioVersion = 25.0.1703.7
MinimumVisualStudioVersion = 10.0.40219.1
Project("{FAE04EC0-301F-11D3-BF4B-00C04F79EFBC}") = "ThePrototype", "ThePrototype\ThePrototype.csproj", "{8199A2A1-9ECA-4E7F-8949-E0930E806633}"
EndProject
Global
	GlobalSection(SolutionConfigurationPlatforms) = preSolution
		Debug|Any CPU = Debug|Any CPU
		Release|Any CPU = Release|Any CPU
	EndGlobalSection
	GlobalSection(ProjectConfigurationPlatforms) = postSolution
		{8199A2A1-9ECA-4E7F-8949-E0930E806633}.Debug|Any CPU.ActiveCfg = Debug|Any CPU
		{8199A2A1-9ECA-4E7F-8949-E0930E806633}.Debug|Any CPU.Build.0 = Debug|Any CPU
		{8199A2A1-9ECA-4E7F-8949-E0930E806633}.Release|Any CPU.ActiveCfg = Release|Any CPU
		{8199A2A1-9ECA-4E7F-8949-E0930E806633}.Release|Any CPU.Build.0 = Release|Any CPU
	EndGlobalSection
	GlobalSection(SolutionProperties) = preSolution
		HideSolutionNode = FALSE
	EndGlobalSection
	GlobalSection(ExtensibilityGlobals) = postSolution
		SolutionGuid = {DE3A8EDE-74DF-46A5-9158-495A36BE9E57}
	EndGlobalSection
EndGlobal
