
Microsoft Visual Studio Solution File, Format Version 12.00
# Visual Studio Version 16
VisualStudioVersion = 25.0.1703.7
MinimumVisualStudioVersion = 10.0.40219.1
Project("{FAE04EC0-301F-11D3-BF4B-00C04F79EFBC}") = "HuntingTheManticore", "HuntingTheManticore\HuntingTheManticore.csproj", "{51FD67D3-1D96-4834-8BB8-EC974F2F442E}"
EndProject
Global
	GlobalSection(SolutionConfigurationPlatforms) = preSolution
		Debug|Any CPU = Debug|Any CPU
		Release|Any CPU = Release|Any CPU
	EndGlobalSection
	GlobalSection(ProjectConfigurationPlatforms) = postSolution
		{51FD67D3-1D96-4834-8BB8-EC974F2F442E}.Debug|Any CPU.ActiveCfg = Debug|Any CPU
		{51FD67D3-1D96-4834-8BB8-EC974F2F442E}.Debug|Any CPU.Build.0 = Debug|Any CPU
		{51FD67D3-1D96-4834-8BB8-EC974F2F442E}.Release|Any CPU.ActiveCfg = Release|Any CPU
		{51FD67D3-1D96-4834-8BB8-EC974F2F442E}.Release|Any CPU.Build.0 = Release|Any CPU
	EndGlobalSection
	GlobalSection(SolutionProperties) = preSolution
		HideSolutionNode = FALSE
	EndGlobalSection
	GlobalSection(ExtensibilityGlobals) = postSolution
		SolutionGuid = {AD80B9E6-D785-4CE8-9899-1B10AD088E68}
	EndGlobalSection
EndGlobal
