
Microsoft Visual Studio Solution File, Format Version 12.00
# Visual Studio Version 16
VisualStudioVersion = 25.0.1703.7
MinimumVisualStudioVersion = 10.0.40219.1
Project("{FAE04EC0-301F-11D3-BF4B-00C04F79EFBC}") = "ConsolasAndTelim", "ConsolasAndTelim\ConsolasAndTelim.csproj", "{455BFA04-0D70-4338-9A5E-26B163B7EFA8}"
EndProject
Global
	GlobalSection(SolutionConfigurationPlatforms) = preSolution
		Debug|Any CPU = Debug|Any CPU
		Release|Any CPU = Release|Any CPU
	EndGlobalSection
	GlobalSection(ProjectConfigurationPlatforms) = postSolution
		{455BFA04-0D70-4338-9A5E-26B163B7EFA8}.Debug|Any CPU.ActiveCfg = Debug|Any CPU
		{455BFA04-0D70-4338-9A5E-26B163B7EFA8}.Debug|Any CPU.Build.0 = Debug|Any CPU
		{455BFA04-0D70-4338-9A5E-26B163B7EFA8}.Release|Any CPU.ActiveCfg = Release|Any CPU
		{455BFA04-0D70-4338-9A5E-26B163B7EFA8}.Release|Any CPU.Build.0 = Release|Any CPU
	EndGlobalSection
	GlobalSection(SolutionProperties) = preSolution
		HideSolutionNode = FALSE
	EndGlobalSection
	GlobalSection(ExtensibilityGlobals) = postSolution
		SolutionGuid = {DF6209EA-57BF-4598-925C-704A9A968714}
	EndGlobalSection
EndGlobal
